<?xml version="1.0" encoding="utf-8"?>
<Project ToolsVersion="4.0" xmlns="http://schemas.microsoft.com/developer/msbuild/2003">
  <ItemGroup>
    <Filter Include="Lista">
      <UniqueIdentifier>{7dcaa85e-0321-4d61-b9a4-1c883498a5f9}</UniqueIdentifier>
    </Filter>
    <Filter Include="Tabla">
      <UniqueIdentifier>{ac5e5768-344b-432b-8bfc-b09e444b9948}</UniqueIdentifier>
    </Filter>
    <Filter Include="Tabla\Hash">
      <UniqueIdentifier>{67c450cf-d610-447b-adeb-d9fa32b91c2c}</UniqueIdentifier>
    </Filter>
    <Filter Include="Tabla\Avl">
      <UniqueIdentifier>{5eedb49a-9dc6-4648-b94c-96c4cf91d29f}</UniqueIdentifier>
    </Filter>
    <Filter Include="Tabla\Lista">
      <UniqueIdentifier>{6c0c1752-93d1-4400-add4-bf82e4e972b1}</UniqueIdentifier>
    </Filter>
    <Filter Include="Grafo">
      <UniqueIdentifier>{45a7d7f6-4329-4516-91f0-65c849315adf}</UniqueIdentifier>
    </Filter>
    <Filter Include="Heap">
      <UniqueIdentifier>{238b3160-9804-4fab-9dbc-6c2158a2f9ed}</UniqueIdentifier>
    </Filter>
    <Filter Include="Dinamica">
      <UniqueIdentifier>{c37d0f04-5963-42c0-bca5-bcfb925d6be7}</UniqueIdentifier>
    </Filter>
    <Filter Include="Combinaciones">
      <UniqueIdentifier>{33e65be2-124b-4efb-9653-bf22f6bcec08}</UniqueIdentifier>
    </Filter>
  </ItemGroup>
  <ItemGroup>
    <ClCompile Include="Lista.cpp">
      <Filter>Lista</Filter>
    </ClCompile>
    <ClCompile Include="ListaEnlazada.cpp">
      <Filter>Lista</Filter>
    </ClCompile>
    <ClCompile Include="ListaEnlazadaIteracion.cpp">
      <Filter>Lista</Filter>
    </ClCompile>
    <ClCompile Include="Tabla.cpp">
      <Filter>Tabla</Filter>
    </ClCompile>
    <ClCompile Include="TablaHashAbierto.cpp">
      <Filter>Tabla\Hash</Filter>
    </ClCompile>
    <ClCompile Include="TablaHashAbiertoIteracion.cpp">
      <Filter>Tabla\Hash</Filter>
    </ClCompile>
    <ClCompile Include="TablaAvl.cpp">
      <Filter>Tabla\Avl</Filter>
    </ClCompile>
    <ClCompile Include="TablaAvlInOrder.cpp">
      <Filter>Tabla\Avl</Filter>
    </ClCompile>
    <ClCompile Include="TablaAvlPosOrder.cpp">
      <Filter>Tabla\Avl</Filter>
    </ClCompile>
    <ClCompile Include="TablaAvlPreOrder.cpp">
      <Filter>Tabla\Avl</Filter>
    </ClCompile>
    <ClCompile Include="TablaLista.cpp">
      <Filter>Tabla\Lista</Filter>
    </ClCompile>
    <ClCompile Include="Grafo.cpp">
      <Filter>Grafo</Filter>
    </ClCompile>
    <ClCompile Include="GrafoBase.cpp">
      <Filter>Grafo</Filter>
    </ClCompile>
    <ClCompile Include="GrafoListasAdy.cpp">
      <Filter>Grafo</Filter>
    </ClCompile>
    <ClCompile Include="GrafoMatrizAdy.cpp">
      <Filter>Grafo</Filter>
    </ClCompile>
    <ClCompile Include="HeapExtendidoImp.cpp">
      <Filter>Heap</Filter>
    </ClCompile>
    <ClCompile Include="HeapImp.cpp">
      <Filter>Heap</Filter>
    </ClCompile>
    <ClCompile Include="Mochila.cpp">
      <Filter>Dinamica</Filter>
    </ClCompile>
    <ClCompile Include="Combinaciones.cpp">
      <Filter>Combinaciones</Filter>
    </ClCompile>
    <ClCompile Include="GrafoTablasAdy.cpp">
      <Filter>Grafo</Filter>
    </ClCompile>
    <ClCompile Include="GrafoAvlsAdy.cpp">
      <Filter>Grafo</Filter>
    </ClCompile>
  </ItemGroup>
  <ItemGroup>
    <ClInclude Include="Lista.h">
      <Filter>Lista</Filter>
    </ClInclude>
    <ClInclude Include="ListaEnlazada.h">
      <Filter>Lista</Filter>
    </ClInclude>
    <ClInclude Include="ListaEnlazadaIteracion.h">
      <Filter>Lista</Filter>
    </ClInclude>
    <ClInclude Include="NodoLista.h">
      <Filter>Lista</Filter>
    </ClInclude>
    <ClInclude Include="Tabla.h">
      <Filter>Tabla</Filter>
    </ClInclude>
    <ClInclude Include="TablaHashAbierto.h">
      <Filter>Tabla\Hash</Filter>
    </ClInclude>
    <ClInclude Include="TablaHashAbiertoIteracion.h">
      <Filter>Tabla\Hash</Filter>
    </ClInclude>
    <ClInclude Include="NodoAvl.h">
      <Filter>Tabla\Avl</Filter>
    </ClInclude>
    <ClInclude Include="TablaAvl.h">
      <Filter>Tabla\Avl</Filter>
    </ClInclude>
    <ClInclude Include="TablaAvlInOrder.h">
      <Filter>Tabla\Avl</Filter>
    </ClInclude>
    <ClInclude Include="TablaAvlPosOrder.h">
      <Filter>Tabla\Avl</Filter>
    </ClInclude>
    <ClInclude Include="TablaAvlPreOrder.h">
      <Filter>Tabla\Avl</Filter>
    </ClInclude>
    <ClInclude Include="TablaLista.h">
      <Filter>Tabla\Lista</Filter>
    </ClInclude>
    <ClInclude Include="FuncionCosto.h">
      <Filter>Grafo</Filter>
    </ClInclude>
    <ClInclude Include="Grafo.h">
      <Filter>Grafo</Filter>
    </ClInclude>
    <ClInclude Include="GrafoBase.h">
      <Filter>Grafo</Filter>
    </ClInclude>
    <ClInclude Include="GrafoListasAdy.h">
      <Filter>Grafo</Filter>
    </ClInclude>
    <ClInclude Include="GrafoMatrizAdy.h">
      <Filter>Grafo</Filter>
    </ClInclude>
    <ClInclude Include="NodoArco.h">
      <Filter>Grafo</Filter>
    </ClInclude>
    <ClInclude Include="NodoVertice.h">
      <Filter>Grafo</Filter>
    </ClInclude>
    <ClInclude Include="Heap.h">
      <Filter>Heap</Filter>
    </ClInclude>
    <ClInclude Include="HeapExtendido.h">
      <Filter>Heap</Filter>
    </ClInclude>
    <ClInclude Include="HeapExtendidoImp.h">
      <Filter>Heap</Filter>
    </ClInclude>
    <ClInclude Include="HeapImp.h">
      <Filter>Heap</Filter>
    </ClInclude>
    <ClInclude Include="Mochila.h">
      <Filter>Dinamica</Filter>
    </ClInclude>
    <ClInclude Include="Combinaciones.h">
      <Filter>Combinaciones</Filter>
    </ClInclude>
    <ClInclude Include="GrafoTablasAdy.h">
      <Filter>Grafo</Filter>
    </ClInclude>
    <ClInclude Include="GrafoAvlsAdy.h">
      <Filter>Grafo</Filter>
    </ClInclude>
  </ItemGroup>
</Project>